// !$*UTF8*$!
{
	archiveVersion = 1;
	classes = {
	};
	objectVersion = 48;
	objects = {

/* Begin PBXBuildFile section */
		B6165B7F1FFC80AB0083D4CB /* AppDelegate.swift in Sources */ = {isa = PBXBuildFile; fileRef = B6165B7E1FFC80AB0083D4CB /* AppDelegate.swift */; };
		B6165B811FFC80AB0083D4CB /* ViewController.swift in Sources */ = {isa = PBXBuildFile; fileRef = B6165B801FFC80AB0083D4CB /* ViewController.swift */; };
		B6165B841FFC80AB0083D4CB /* Main.storyboard in Resources */ = {isa = PBXBuildFile; fileRef = B6165B821FFC80AB0083D4CB /* Main.storyboard */; };
		B6165B861FFC80AB0083D4CB /* Assets.xcassets in Resources */ = {isa = PBXBuildFile; fileRef = B6165B851FFC80AB0083D4CB /* Assets.xcassets */; };
		B6165B891FFC80AB0083D4CB /* LaunchScreen.storyboard in Resources */ = {isa = PBXBuildFile; fileRef = B6165B871FFC80AB0083D4CB /* LaunchScreen.storyboard */; };
		B6165B941FFC80AB0083D4CB /* SecondAppTests.swift in Sources */ = {isa = PBXBuildFile; fileRef = B6165B931FFC80AB0083D4CB /* SecondAppTests.swift */; };
		B6165B9F1FFC80AB0083D4CB /* SecondAppUITests.swift in Sources */ = {isa = PBXBuildFile; fileRef = B6165B9E1FFC80AB0083D4CB /* SecondAppUITests.swift */; };
/* End PBXBuildFile section */

/* Begin PBXContainerItemProxy section */
		B6165B901FFC80AB0083D4CB /* PBXContainerItemProxy */ = {
			isa = PBXContainerItemProxy;
			containerPortal = B6165B731FFC80AB0083D4CB /* Project object */;
			proxyType = 1;
			remoteGlobalIDString = B6165B7A1FFC80AB0083D4CB;
			remoteInfo = SecondApp;
		};
		B6165B9B1FFC80AB0083D4CB /* PBXContainerItemProxy */ = {
			isa = PBXContainerItemProxy;
			containerPortal = B6165B731FFC80AB0083D4CB /* Project object */;
			proxyType = 1;
			remoteGlobalIDString = B6165B7A1FFC80AB0083D4CB;
			remoteInfo = SecondApp;
		};
/* End PBXContainerItemProxy section */

/* Begin PBXFileReference section */
		B6165B7B1FFC80AB0083D4CB /* SecondApp.app */ = {isa = PBXFileReference; explicitFileType = wrapper.application; includeInIndex = 0; path = SecondApp.app; sourceTree = BUILT_PRODUCTS_DIR; };
		B6165B7E1FFC80AB0083D4CB /* AppDelegate.swift */ = {isa = PBXFileReference; lastKnownFileType = sourcecode.swift; path = AppDelegate.swift; sourceTree = "<group>"; };
		B6165B801FFC80AB0083D4CB /* ViewController.swift */ = {isa = PBXFileReference; lastKnownFileType = sourcecode.swift; path = ViewController.swift; sourceTree = "<group>"; };
		B6165B831FFC80AB0083D4CB /* Base */ = {isa = PBXFileReference; lastKnownFileType = file.storyboard; name = Base; path = Base.lproj/Main.storyboard; sourceTree = "<group>"; };
		B6165B851FFC80AB0083D4CB /* Assets.xcassets */ = {isa = PBXFileReference; lastKnownFileType = folder.assetcatalog; path = Assets.xcassets; sourceTree = "<group>"; };
		B6165B881FFC80AB0083D4CB /* Base */ = {isa = PBXFileReference; lastKnownFileType = file.storyboard; name = Base; path = Base.lproj/LaunchScreen.storyboard; sourceTree = "<group>"; };
		B6165B8A1FFC80AB0083D4CB /* Info.plist */ = {isa = PBXFileReference; lastKnownFileType = text.plist.xml; path = Info.plist; sourceTree = "<group>"; };
		B6165B8F1FFC80AB0083D4CB /* SecondAppTests.xctest */ = {isa = PBXFileReference; explicitFileType = wrapper.cfbundle; includeInIndex = 0; path = SecondAppTests.xctest; sourceTree = BUILT_PRODUCTS_DIR; };
		B6165B931FFC80AB0083D4CB /* SecondAppTests.swift */ = {isa = PBXFileReference; lastKnownFileType = sourcecode.swift; path = SecondAppTests.swift; sourceTree = "<group>"; };
		B6165B951FFC80AB0083D4CB /* Info.plist */ = {isa = PBXFileReference; lastKnownFileType = text.plist.xml; path = Info.plist; sourceTree = "<group>"; };
		B6165B9A1FFC80AB0083D4CB /* SecondAppUITests.xctest */ = {isa = PBXFileReference; explicitFileType = wrapper.cfbundle; includeInIndex = 0; path = SecondAppUITests.xctest; sourceTree = BUILT_PRODUCTS_DIR; };
		B6165B9E1FFC80AB0083D4CB /* SecondAppUITests.swift */ = {isa = PBXFileReference; lastKnownFileType = sourcecode.swift; path = SecondAppUITests.swift; sourceTree = "<group>"; };
		B6165BA01FFC80AB0083D4CB /* Info.plist */ = {isa = PBXFileReference; lastKnownFileType = text.plist.xml; path = Info.plist; sourceTree = "<group>"; };
/* End PBXFileReference section */

/* Begin PBXFrameworksBuildPhase section */
		B6165B781FFC80AB0083D4CB /* Frameworks */ = {
			isa = PBXFrameworksBuildPhase;
			buildActionMask = 2147483647;
			files = (
			);
			runOnlyForDeploymentPostprocessing = 0;
		};
		B6165B8C1FFC80AB0083D4CB /* Frameworks */ = {
			isa = PBXFrameworksBuildPhase;
			buildActionMask = 2147483647;
			files = (
			);
			runOnlyForDeploymentPostprocessing = 0;
		};
		B6165B971FFC80AB0083D4CB /* Frameworks */ = {
			isa = PBXFrameworksBuildPhase;
			buildActionMask = 2147483647;
			files = (
			);
			runOnlyForDeploymentPostprocessing = 0;
		};
/* End PBXFrameworksBuildPhase section */

/* Begin PBXGroup section */
		B6165B721FFC80AB0083D4CB = {
			isa = PBXGroup;
			children = (
				B6165B7D1FFC80AB0083D4CB /* SecondApp */,
				B6165B921FFC80AB0083D4CB /* SecondAppTests */,
				B6165B9D1FFC80AB0083D4CB /* SecondAppUITests */,
				B6165B7C1FFC80AB0083D4CB /* Products */,
			);
			sourceTree = "<group>";
		};
		B6165B7C1FFC80AB0083D4CB /* Products */ = {
			isa = PBXGroup;
			children = (
				B6165B7B1FFC80AB0083D4CB /* SecondApp.app */,
				B6165B8F1FFC80AB0083D4CB /* SecondAppTests.xctest */,
				B6165B9A1FFC80AB0083D4CB /* SecondAppUITests.xctest */,
			);
			name = Products;
			sourceTree = "<group>";
		};
		B6165B7D1FFC80AB0083D4CB /* SecondApp */ = {
			isa = PBXGroup;
			children = (
				B6165B7E1FFC80AB0083D4CB /* AppDelegate.swift */,
				B6165B801FFC80AB0083D4CB /* ViewController.swift */,
				B6165B821FFC80AB0083D4CB /* Main.storyboard */,
				B6165B851FFC80AB0083D4CB /* Assets.xcassets */,
				B6165B871FFC80AB0083D4CB /* LaunchScreen.storyboard */,
				B6165B8A1FFC80AB0083D4CB /* Info.plist */,
			);
			path = SecondApp;
			sourceTree = "<group>";
		};
		B6165B921FFC80AB0083D4CB /* SecondAppTests */ = {
			isa = PBXGroup;
			children = (
				B6165B931FFC80AB0083D4CB /* SecondAppTests.swift */,
				B6165B951FFC80AB0083D4CB /* Info.plist */,
			);
			path = SecondAppTests;
			sourceTree = "<group>";
		};
		B6165B9D1FFC80AB0083D4CB /* SecondAppUITests */ = {
			isa = PBXGroup;
			children = (
				B6165B9E1FFC80AB0083D4CB /* SecondAppUITests.swift */,
				B6165BA01FFC80AB0083D4CB /* Info.plist */,
			);
			path = SecondAppUITests;
			sourceTree = "<group>";
		};
/* End PBXGroup section */

/* Begin PBXNativeTarget section */
		B6165B7A1FFC80AB0083D4CB /* SecondApp */ = {
			isa = PBXNativeTarget;
			buildConfigurationList = B6165BA31FFC80AB0083D4CB /* Build configuration list for PBXNativeTarget "SecondApp" */;
			buildPhases = (
				B6165B771FFC80AB0083D4CB /* Sources */,
				B6165B781FFC80AB0083D4CB /* Frameworks */,
				B6165B791FFC80AB0083D4CB /* Resources */,
			);
			buildRules = (
			);
			dependencies = (
			);
			name = SecondApp;
			productName = SecondApp;
			productReference = B6165B7B1FFC80AB0083D4CB /* SecondApp.app */;
			productType = "com.apple.product-type.application";
		};
		B6165B8E1FFC80AB0083D4CB /* SecondAppTests */ = {
			isa = PBXNativeTarget;
			buildConfigurationList = B6165BA61FFC80AB0083D4CB /* Build configuration list for PBXNativeTarget "SecondAppTests" */;
			buildPhases = (
				B6165B8B1FFC80AB0083D4CB /* Sources */,
				B6165B8C1FFC80AB0083D4CB /* Frameworks */,
				B6165B8D1FFC80AB0083D4CB /* Resources */,
			);
			buildRules = (
			);
			dependencies = (
				B6165B911FFC80AB0083D4CB /* PBXTargetDependency */,
			);
			name = SecondAppTests;
			productName = SecondAppTests;
			productReference = B6165B8F1FFC80AB0083D4CB /* SecondAppTests.xctest */;
			productType = "com.apple.product-type.bundle.unit-test";
		};
		B6165B991FFC80AB0083D4CB /* SecondAppUITests */ = {
			isa = PBXNativeTarget;
			buildConfigurationList = B6165BA91FFC80AB0083D4CB /* Build configuration list for PBXNativeTarget "SecondAppUITests" */;
			buildPhases = (
				B6165B961FFC80AB0083D4CB /* Sources */,
				B6165B971FFC80AB0083D4CB /* Frameworks */,
				B6165B981FFC80AB0083D4CB /* Resources */,
			);
			buildRules = (
			);
			dependencies = (
				B6165B9C1FFC80AB0083D4CB /* PBXTargetDependency */,
			);
			name = SecondAppUITests;
			productName = SecondAppUITests;
			productReference = B6165B9A1FFC80AB0083D4CB /* SecondAppUITests.xctest */;
			productType = "com.apple.product-type.bundle.ui-testing";
		};
/* End PBXNativeTarget section */

/* Begin PBXProject section */
		B6165B731FFC80AB0083D4CB /* Project object */ = {
			isa = PBXProject;
			attributes = {
				LastSwiftUpdateCheck = 0910;
				LastUpgradeCheck = 0910;
				ORGANIZATIONNAME = "陈岩";
				TargetAttributes = {
					B6165B7A1FFC80AB0083D4CB = {
						CreatedOnToolsVersion = 9.1;
						ProvisioningStyle = Automatic;
					};
					B6165B8E1FFC80AB0083D4CB = {
						CreatedOnToolsVersion = 9.1;
						ProvisioningStyle = Automatic;
						TestTargetID = B6165B7A1FFC80AB0083D4CB;
					};
					B6165B991FFC80AB0083D4CB = {
						CreatedOnToolsVersion = 9.1;
						ProvisioningStyle = Automatic;
						TestTargetID = B6165B7A1FFC80AB0083D4CB;
					};
				};
			};
			buildConfigurationList = B6165B761FFC80AB0083D4CB /* Build configuration list for PBXProject "SecondApp" */;
			compatibilityVersion = "Xcode 8.0";
			developmentRegion = en;
			hasScannedForEncodings = 0;
			knownRegions = (
				en,
				Base,
			);
			mainGroup = B6165B721FFC80AB0083D4CB;
			productRefGroup = B6165B7C1FFC80AB0083D4CB /* Products */;
			projectDirPath = "";
			projectRoot = "";
			targets = (
				B6165B7A1FFC80AB0083D4CB /* SecondApp */,
				B6165B8E1FFC80AB0083D4CB /* SecondAppTests */,
				B6165B991FFC80AB0083D4CB /* SecondAppUITests */,
			);
		};
/* End PBXProject section */

/* Begin PBXResourcesBuildPhase section */
		B6165B791FFC80AB0083D4CB /* Resources */ = {
			isa = PBXResourcesBuildPhase;
			buildActionMask = 2147483647;
			files = (
				B6165B891FFC80AB0083D4CB /* LaunchScreen.storyboard in Resources */,
				B6165B861FFC80AB0083D4CB /* Assets.xcassets in Resources */,
				B6165B841FFC80AB0083D4CB /* Main.storyboard in Resources */,
			);
			runOnlyForDeploymentPostprocessing = 0;
		};
		B6165B8D1FFC80AB0083D4CB /* Resources */ = {
			isa = PBXResourcesBuildPhase;
			buildActionMask = 2147483647;
			files = (
			);
			runOnlyForDeploymentPostprocessing = 0;
		};
		B6165B981FFC80AB0083D4CB /* Resources */ = {
			isa = PBXResourcesBuildPhase;
			buildActionMask = 2147483647;
			files = (
			);
			runOnlyForDeploymentPostprocessing = 0;
		};
/* End PBXResourcesBuildPhase section */

/* Begin PBXSourcesBuildPhase section */
		B6165B771FFC80AB0083D4CB /* Sources */ = {
			isa = PBXSourcesBuildPhase;
			buildActionMask = 2147483647;
			files = (
				B6165B811FFC80AB0083D4CB /* ViewController.swift in Sources */,
				B6165B7F1FFC80AB0083D4CB /* AppDelegate.swift in Sources */,
			);
			runOnlyForDeploymentPostprocessing = 0;
		};
		B6165B8B1FFC80AB0083D4CB /* Sources */ = {
			isa = PBXSourcesBuildPhase;
			buildActionMask = 2147483647;
			files = (
				B6165B941FFC80AB0083D4CB /* SecondAppTests.swift in Sources */,
			);
			runOnlyForDeploymentPostprocessing = 0;
		};
		B6165B961FFC80AB0083D4CB /* Sources */ = {
			isa = PBXSourcesBuildPhase;
			buildActionMask = 2147483647;
			files = (
				B6165B9F1FFC80AB0083D4CB /* SecondAppUITests.swift in Sources */,
			);
			runOnlyForDeploymentPostprocessing = 0;
		};
/* End PBXSourcesBuildPhase section */

/* Begin PBXTargetDependency section */
		B6165B911FFC80AB0083D4CB /* PBXTargetDependency */ = {
			isa = PBXTargetDependency;
			target = B6165B7A1FFC80AB0083D4CB /* SecondApp */;
			targetProxy = B6165B901FFC80AB0083D4CB /* PBXContainerItemProxy */;
		};
		B6165B9C1FFC80AB0083D4CB /* PBXTargetDependency */ = {
			isa = PBXTargetDependency;
			target = B6165B7A1FFC80AB0083D4CB /* SecondApp */;
			targetProxy = B6165B9B1FFC80AB0083D4CB /* PBXContainerItemProxy */;
		};
/* End PBXTargetDependency section */

/* Begin PBXVariantGroup section */
		B6165B821FFC80AB0083D4CB /* Main.storyboard */ = {
			isa = PBXVariantGroup;
			children = (
				B6165B831FFC80AB0083D4CB /* Base */,
			);
			name = Main.storyboard;
			sourceTree = "<group>";
		};
		B6165B871FFC80AB0083D4CB /* LaunchScreen.storyboard */ = {
			isa = PBXVariantGroup;
			children = (
				B6165B881FFC80AB0083D4CB /* Base */,
			);
			name = LaunchScreen.storyboard;
			sourceTree = "<group>";
		};
/* End PBXVariantGroup section */

/* Begin XCBuildConfiguration section */
		B6165BA11FFC80AB0083D4CB /* Debug */ = {
			isa = XCBuildConfiguration;
			buildSettings = {
				ALWAYS_SEARCH_USER_PATHS = NO;
				CLANG_ANALYZER_NONNULL = YES;
				CLANG_ANALYZER_NUMBER_OBJECT_CONVERSION = YES_AGGRESSIVE;
				CLANG_CXX_LANGUAGE_STANDARD = "gnu++14";
				CLANG_CXX_LIBRARY = "libc++";
				CLANG_ENABLE_MODULES = YES;
				CLANG_ENABLE_OBJC_ARC = YES;
				CLANG_WARN_BLOCK_CAPTURE_AUTORELEASING = YES;
				CLANG_WARN_BOOL_CONVERSION = YES;
				CLANG_WARN_COMMA = YES;
				CLANG_WARN_CONSTANT_CONVERSION = YES;
				CLANG_WARN_DIRECT_OBJC_ISA_USAGE = YES_ERROR;
				CLANG_WARN_DOCUMENTATION_COMMENTS = YES;
				CLANG_WARN_EMPTY_BODY = YES;
				CLANG_WARN_ENUM_CONVERSION = YES;
				CLANG_WARN_INFINITE_RECURSION = YES;
				CLANG_WARN_INT_CONVERSION = YES;
				CLANG_WARN_NON_LITERAL_NULL_CONVERSION = YES;
				CLANG_WARN_OBJC_LITERAL_CONVERSION = YES;
				CLANG_WARN_OBJC_ROOT_CLASS = YES_ERROR;
				CLANG_WARN_RANGE_LOOP_ANALYSIS = YES;
				CLANG_WARN_STRICT_PROTOTYPES = YES;
				CLANG_WARN_SUSPICIOUS_MOVE = YES;
				CLANG_WARN_UNGUARDED_AVAILABILITY = YES_AGGRESSIVE;
				CLANG_WARN_UNREACHABLE_CODE = YES;
				CLANG_WARN__DUPLICATE_METHOD_MATCH = YES;
				CODE_SIGN_IDENTITY = "iPhone Developer";
				COPY_PHASE_STRIP = NO;
				DEBUG_INFORMATION_FORMAT = dwarf;
				ENABLE_STRICT_OBJC_MSGSEND = YES;
				ENABLE_TESTABILITY = YES;
				GCC_C_LANGUAGE_STANDARD = gnu11;
				GCC_DYNAMIC_NO_PIC = NO;
				GCC_NO_COMMON_BLOCKS = YES;
				GCC_OPTIMIZATION_LEVEL = 0;
				GCC_PREPROCESSOR_DEFINITIONS = (
					"DEBUG=1",
					"$(inherited)",
				);
				GCC_WARN_64_TO_32_BIT_CONVERSION = YES;
				GCC_WARN_ABOUT_RETURN_TYPE = YES_ERROR;
				GCC_WARN_UNDECLARED_SELECTOR = YES;
				GCC_WARN_UNINITIALIZED_AUTOS = YES_AGGRESSIVE;
				GCC_WARN_UNUSED_FUNCTION = YES;
				GCC_WARN_UNUSED_VARIABLE = YES;
				IPHONEOS_DEPLOYMENT_TARGET = 11.1;
				MTL_ENABLE_DEBUG_INFO = YES;
				ONLY_ACTIVE_ARCH = YES;
				SDKROOT = iphoneos;
				SWIFT_ACTIVE_COMPILATION_CONDITIONS = DEBUG;
				SWIFT_OPTIMIZATION_LEVEL = "-Onone";
			};
			name = Debug;
		};
		B6165BA21FFC80AB0083D4CB /* Release */ = {
			isa = XCBuildConfiguration;
			buildSettings = {
				ALWAYS_SEARCH_USER_PATHS = NO;
				CLANG_ANALYZER_NONNULL = YES;
				CLANG_ANALYZER_NUMBER_OBJECT_CONVERSION = YES_AGGRESSIVE;
				CLANG_CXX_LANGUAGE_STANDARD = "gnu++14";
				CLANG_CXX_LIBRARY = "libc++";
				CLANG_ENABLE_MODULES = YES;
				CLANG_ENABLE_OBJC_ARC = YES;
				CLANG_WARN_BLOCK_CAPTURE_AUTORELEASING = YES;
				CLANG_WARN_BOOL_CONVERSION = YES;
				CLANG_WARN_COMMA = YES;
				CLANG_WARN_CONSTANT_CONVERSION = YES;
				CLANG_WARN_DIRECT_OBJC_ISA_USAGE = YES_ERROR;
				CLANG_WARN_DOCUMENTATION_COMMENTS = YES;
				CLANG_WARN_EMPTY_BODY = YES;
				CLANG_WARN_ENUM_CONVERSION = YES;
				CLANG_WARN_INFINITE_RECURSION = YES;
				CLANG_WARN_INT_CONVERSION = YES;
				CLANG_WARN_NON_LITERAL_NULL_CONVERSION = YES;
				CLANG_WARN_OBJC_LITERAL_CONVERSION = YES;
				CLANG_WARN_OBJC_ROOT_CLASS = YES_ERROR;
				CLANG_WARN_RANGE_LOOP_ANALYSIS = YES;
				CLANG_WARN_STRICT_PROTOTYPES = YES;
				CLANG_WARN_SUSPICIOUS_MOVE = YES;
				CLANG_WARN_UNGUARDED_AVAILABILITY = YES_AGGRESSIVE;
				CLANG_WARN_UNREACHABLE_CODE = YES;
				CLANG_WARN__DUPLICATE_METHOD_MATCH = YES;
				CODE_SIGN_IDENTITY = "iPhone Developer";
				COPY_PHASE_STRIP = NO;
				DEBUG_INFORMATION_FORMAT = "dwarf-with-dsym";
				ENABLE_NS_ASSERTIONS = NO;
				ENABLE_STRICT_OBJC_MSGSEND = YES;
				GCC_C_LANGUAGE_STANDARD = gnu11;
				GCC_NO_COMMON_BLOCKS = YES;
				GCC_WARN_64_TO_32_BIT_CONVERSION = YES;
				GCC_WARN_ABOUT_RETURN_TYPE = YES_ERROR;
				GCC_WARN_UNDECLARED_SELECTOR = YES;
				GCC_WARN_UNINITIALIZED_AUTOS = YES_AGGRESSIVE;
				GCC_WARN_UNUSED_FUNCTION = YES;
				GCC_WARN_UNUSED_VARIABLE = YES;
				IPHONEOS_DEPLOYMENT_TARGET = 11.1;
				MTL_ENABLE_DEBUG_INFO = NO;
				SDKROOT = iphoneos;
				SWIFT_OPTIMIZATION_LEVEL = "-Owholemodule";
				VALIDATE_PRODUCT = YES;
			};
			name = Release;
		};
		B6165BA41FFC80AB0083D4CB /* Debug */ = {
			isa = XCBuildConfiguration;
			buildSettings = {
				ASSETCATALOG_COMPILER_APPICON_NAME = AppIcon;
				CODE_SIGN_STYLE = Automatic;
				INFOPLIST_FILE = SecondApp/Info.plist;
				LD_RUNPATH_SEARCH_PATHS = "$(inherited) @executable_path/Frameworks";
				PRODUCT_BUNDLE_IDENTIFIER = qt.SecondApp;
				PRODUCT_NAME = "$(TARGET_NAME)";
				SWIFT_VERSION = 4.0;
				TARGETED_DEVICE_FAMILY = "1,2";
			};
			name = Debug;
		};
		B6165BA51FFC80AB0083D4CB /* Release */ = {
			isa = XCBuildConfiguration;
			buildSettings = {
				ASSETCATALOG_COMPILER_APPICON_NAME = AppIcon;
				CODE_SIGN_STYLE = Automatic;
				INFOPLIST_FILE = SecondApp/Info.plist;
				LD_RUNPATH_SEARCH_PATHS = "$(inherited) @executable_path/Frameworks";
				PRODUCT_BUNDLE_IDENTIFIER = qt.SecondApp;
				PRODUCT_NAME = "$(TARGET_NAME)";
				SWIFT_VERSION = 4.0;
				TARGETED_DEVICE_FAMILY = "1,2";
			};
			name = Release;
		};
		B6165BA71FFC80AB0083D4CB /* Debug */ = {
			isa = XCBuildConfiguration;
			buildSettings = {
				ALWAYS_EMBED_SWIFT_STANDARD_LIBRARIES = YES;
				BUNDLE_LOADER = "$(TEST_HOST)";
				CODE_SIGN_STYLE = Automatic;
				INFOPLIST_FILE = SecondAppTests/Info.plist;
				LD_RUNPATH_SEARCH_PATHS = "$(inherited) @executable_path/Frameworks @loader_path/Frameworks";
				PRODUCT_BUNDLE_IDENTIFIER = qt.SecondAppTests;
				PRODUCT_NAME = "$(TARGET_NAME)";
				SWIFT_VERSION = 4.0;
				TARGETED_DEVICE_FAMILY = "1,2";
				TEST_HOST = "$(BUILT_PRODUCTS_DIR)/SecondApp.app/SecondApp";
			};
			name = Debug;
		};
		B6165BA81FFC80AB0083D4CB /* Release */ = {
			isa = XCBuildConfiguration;
			buildSettings = {
				ALWAYS_EMBED_SWIFT_STANDARD_LIBRARIES = YES;
				BUNDLE_LOADER = "$(TEST_HOST)";
				CODE_SIGN_STYLE = Automatic;
				INFOPLIST_FILE = SecondAppTests/Info.plist;
				LD_RUNPATH_SEARCH_PATHS = "$(inherited) @executable_path/Frameworks @loader_path/Frameworks";
				PRODUCT_BUNDLE_IDENTIFIER = qt.SecondAppTests;
				PRODUCT_NAME = "$(TARGET_NAME)";
				SWIFT_VERSION = 4.0;
				TARGETED_DEVICE_FAMILY = "1,2";
				TEST_HOST = "$(BUILT_PRODUCTS_DIR)/SecondApp.app/SecondApp";
			};
			name = Release;
		};
		B6165BAA1FFC80AB0083D4CB /* Debug */ = {
			isa = XCBuildConfiguration;
			buildSettings = {
				ALWAYS_EMBED_SWIFT_STANDARD_LIBRARIES = YES;
				CODE_SIGN_STYLE = Automatic;
				INFOPLIST_FILE = SecondAppUITests/Info.plist;
				LD_RUNPATH_SEARCH_PATHS = "$(inherited) @executable_path/Frameworks @loader_path/Frameworks";
				PRODUCT_BUNDLE_IDENTIFIER = qt.SecondAppUITests;
				PRODUCT_NAME = "$(TARGET_NAME)";
				SWIFT_VERSION = 4.0;
				TARGETED_DEVICE_FAMILY = "1,2";
				TEST_TARGET_NAME = SecondApp;
			};
			name = Debug;
		};
		B6165BAB1FFC80AB0083D4CB /* Release */ = {
			isa = XCBuildConfiguration;
			buildSettings = {
				ALWAYS_EMBED_SWIFT_STANDARD_LIBRARIES = YES;
				CODE_SIGN_STYLE = Automatic;
				INFOPLIST_FILE = SecondAppUITests/Info.plist;
				LD_RUNPATH_SEARCH_PATHS = "$(inherited) @executable_path/Frameworks @loader_path/Frameworks";
				PRODUCT_BUNDLE_IDENTIFIER = qt.SecondAppUITests;
				PRODUCT_NAME = "$(TARGET_NAME)";
				SWIFT_VERSION = 4.0;
				TARGETED_DEVICE_FAMILY = "1,2";
				TEST_TARGET_NAME = SecondApp;
			};
			name = Release;
		};
/* End XCBuildConfiguration section */

/* Begin XCConfigurationList section */
		B6165B761FFC80AB0083D4CB /* Build configuration list for PBXProject "SecondApp" */ = {
			isa = XCConfigurationList;
			buildConfigurations = (
				B6165BA11FFC80AB0083D4CB /* Debug */,
				B6165BA21FFC80AB0083D4CB /* Release */,
			);
			defaultConfigurationIsVisible = 0;
			defaultConfigurationName = Release;
		};
		B6165BA31FFC80AB0083D4CB /* Build configuration list for PBXNativeTarget "SecondApp" */ = {
			isa = XCConfigurationList;
			buildConfigurations = (
				B6165BA41FFC80AB0083D4CB /* Debug */,
				B6165BA51FFC80AB0083D4CB /* Release */,
			);
			defaultConfigurationIsVisible = 0;
			defaultConfigurationName = Release;
		};
		B6165BA61FFC80AB0083D4CB /* Build configuration list for PBXNativeTarget "SecondAppTests" */ = {
			isa = XCConfigurationList;
			buildConfigurations = (
				B6165BA71FFC80AB0083D4CB /* Debug */,
				B6165BA81FFC80AB0083D4CB /* Release */,
			);
			defaultConfigurationIsVisible = 0;
			defaultConfigurationName = Release;
		};
		B6165BA91FFC80AB0083D4CB /* Build configuration list for PBXNativeTarget "SecondAppUITests" */ = {
			isa = XCConfigurationList;
			buildConfigurations = (
				B6165BAA1FFC80AB0083D4CB /* Debug */,
				B6165BAB1FFC80AB0083D4CB /* Release */,
			);
			defaultConfigurationIsVisible = 0;
			defaultConfigurationName = Release;
		};
/* End XCConfigurationList section */
	};
	rootObject = B6165B731FFC80AB0083D4CB /* Project object */;
}
